<?xml version="1.0" encoding="utf-8"?>
<Project ToolsVersion="4.0" xmlns="http://schemas.microsoft.com/developer/msbuild/2003">
  <ItemGroup>
    <Filter Include="Source Files">
      <UniqueIdentifier>{4FC737F1-C7A5-4376-A066-2A32D752A2FF}</UniqueIdentifier>
      <Extensions>cpp;c;cc;cxx;c++;cppm;ixx;def;odl;idl;hpj;bat;asm;asmx</Extensions>
    </Filter>
    <Filter Include="Header Files">
      <UniqueIdentifier>{93995380-89BD-4b04-88EB-625FBE52EBFB}</UniqueIdentifier>
      <Extensions>h;hh;hpp;hxx;h++;hm;inl;inc;ipp;xsd</Extensions>
    </Filter>
    <Filter Include="Resource Files">
      <UniqueIdentifier>{67DA6AB6-F800-4c08-8B7A-83BB121AAD01}</UniqueIdentifier>
      <Extensions>rc;ico;cur;bmp;dlg;rc2;rct;bin;rgs;gif;jpg;jpeg;jpe;resx;tiff;tif;png;wav;mfcribbon-ms</Extensions>
    </Filter>
  </ItemGroup>
  <ItemGroup>
    <ClCompile Include="28554-YasinUghur.cpp">
      <Filter>Source Files</Filter>
    </ClCompile>
  </ItemGroup>
  <ItemGroup>
    <Text Include="sample_run_1\p1.txt" />
    <Text Include="sample_run_1\configuration.txt" />
    <Text Include="sample_run_1\p2.txt" />
    <Text Include="sample_run_1\p3.txt" />
    <Text Include="sample_run_1\p4.txt" />
    <Text Include="sample_run_1\p5.txt" />
    <Text Include="sample_run_2\result.txt" />
    <Text Include="sample_run_2\configuration.txt" />
    <Text Include="sample_run_2\p1.txt" />
    <Text Include="sample_run_2\p2.txt" />
    <Text Include="sample_run_2\p3.txt" />
    <Text Include="sample_run_2\p4.txt" />
    <Text Include="sample_run_2\p5.txt" />
    <Text Include="sample_run_2\p6.txt" />
    <Text Include="sample_run_3\configuration.txt" />
    <Text Include="sample_run_3\p1.txt" />
    <Text Include="sample_run_3\p3.txt" />
    <Text Include="sample_run_3\p4.txt" />
    <Text Include="sample_run_3\p5.txt" />
    <Text Include="sample_run_3\p6.txt" />
    <Text Include="sample_run_4\configuration.txt" />
    <Text Include="sample_run_4\p1.txt" />
    <Text Include="sample_run_4\result.txt" />
    <Text Include="sample_run_5\result.txt" />
    <Text Include="sample_run_5\configuration.txt" />
    <Text Include="sample_run_5\p1.txt" />
    <Text Include="sample_run_5\p2.txt" />
    <Text Include="sample_run_5\p3.txt" />
  </ItemGroup>
  <ItemGroup>
    <None Include="sample_run_3\p2.txt" />
    <None Include="sample_run_3\result.txt" />
  </ItemGroup>
</Project>